#MicroXplorer Configuration settings - do not modify
Mcu.Family=STM32WL
SubGHz_Phy2.BSP.STBoard=false
ProjectManager.MainLocation=Core/Src
VP_SUBGHZ_VS_SUBGHZ.Signal=SUBGHZ_VS_SUBGHZ
SubGHz_Phy0.BSP.STBoard=false
SubGHz_Phy1.BSP.STBoard=false
SubGHz_Phy1.BSP.component=
USART2.IPParameters=VirtualMode-Asynchronous
SubGHz_Phy0.BSP.solution=PC3
ProjectManager.KeepUserCode=true
Mcu.UserName=STM32WL55JCIx
SubGHz_Phy1.BSP.condition=SEM_RADIO_BOARD_INTERFACE_FOR_SUBGHZ_PHY
PCC.SUBGHZ.OptionalSettings=false
PC5.Locked=true
PA0.GPIO_Label=B1
ProjectManager.functionlistsort=1-MX_GPIO_Init-GPIO-false-HAL-true,2-SystemClock_Config-RCC-false-HAL-false,3-MX_USART2_UART_Init-USART2-false-HAL-true,4-MX_SUBGHZ_Init-SUBGHZ-false-HAL-true,5-MX_SubGHz_Phy_Init-SUBGHZ_PHY-false-HAL-false
PC6.GPIO_Label=B3
SubGHz_Phy1.BSP.api=Unknown
PC3.Locked=true
PA3.GPIOParameters=GPIO_Label
NVIC.TIM1_UP_IRQn=true\:0\:0\:false\:false\:true\:false\:false\:true
VP_SUBGHZ_VS_SUBGHZ.Mode=SUBGHZ_Activate
PB11.Signal=GPIO_Output
PB15.Signal=GPIO_Output
PA2.GPIOParameters=GPIO_Label
PinOutPanel.RotationAngle=0
ProjectManager.StackSize=0x400
VP_FREERTOS_VS_CMSIS_V2.Mode=CMSIS_V2
PCC.SUBGHZ.Output.Power=14
Mcu.IP4=NVIC
Mcu.IP5=RCC
Mcu.IP2=FREERTOS
NVIC.SVCall_IRQn=true\:0\:0\:false\:false\:false\:false\:false\:false
Mcu.IP3=MISC
Mcu.IP0=ADV_TRACE
Mcu.IP1=DEBUG
SubGHz_Phy1.BSP.solution=PC4
Mcu.UserConstants=
Mcu.ThirdPartyNb=0
PB0-VDD_TCXO.Mode=HSE-TCXO
Mcu.IPNb=12
ProjectManager.PreviousToolchain=
SubGHz_Phy0.BSP.component=
PC3.Signal=GPIO_Output
Mcu.Pin6=PC3
Mcu.Pin7=PA0
Mcu.Pin8=PC5
Mcu.Pin9=PC4
FREERTOS.IPParameters=Tasks01,FootprintOK
PA1.GPIO_PuPd=GPIO_PULLUP
Mcu.Pin0=PA14
Mcu.Pin1=PB15
GPIO.groupedBy=Group By Peripherals
Mcu.Pin2=PC14-OSC32_IN
Mcu.Pin3=PA13
Mcu.Pin4=PB9
Mcu.Pin5=PC15-OSC32_OUT
ProjectManager.ProjectBuild=false
RCC.HSE_VALUE=32000000
NVIC.UsageFault_IRQn=true\:0\:0\:false\:false\:true\:false\:false\:false
PA0.Locked=true
NVIC.DebugMonitor_IRQn=true\:0\:0\:false\:false\:true\:false\:false\:false
Mcu.ContextProject=MonoOnDualCore
Mcu.IP10=TINY_LPM
USART2.VirtualMode-Asynchronous=VM_ASYNC
NVIC.SysTick_IRQn=true\:15\:0\:false\:false\:false\:true\:false\:true
Mcu.IP11=USART2
PCC.SUBGHZ.SMPS=Off
ProjectManager.FirmwarePackage=STM32Cube FW_WL V1.0.0
MxDb.Version=DB.6.0.21
PA1.GPIOParameters=GPIO_PuPd,GPIO_Label
ProjectManager.BackupPrevious=false
PC14-OSC32_IN.Mode=LSE-External-Oscillator
RCC.VCOInputFreq_Value=4000000
PC4.GPIO_Label=FE_CTRL1
PA14.Mode=Serial_Wire
VP_SYS_VS_tim1.Mode=TIM1
SubGHz_Phy1.BSP.mode=Output
File.Version=6
RCC.PLLRCLKFreq_Value=16000000
SubGHz_Phy1.BSP.semaphore=
NVIC.PendSV_IRQn=true\:15\:0\:false\:false\:false\:true\:false\:false
SubGHz_Phy0.BSP.i2creg=
ProjectManager.HalAssertFull=false
VP_SUBGHZ_PHY_VS_SubGhzPhy.Mode=SubGhzPhy_Enabled
ProjectManager.ProjectName=pwnRF_WL55
PA0.Signal=GPIO_Input
SubGHz_Phy2.BSP.solution=PC5
SUBGHZ.IPParameters=BaudratePrescaler
Mcu.Package=UFBGA73
PB9.Signal=GPIO_Output
SubGHz_Phy1.BSP.ip=GPIO
NVIC.TimeBase=TIM1_UP_IRQn
RCC.I2S2Freq_Value=16000000
SubGHz_Phy2.BSP.semaphore=
PA0.GPIO_PuPd=GPIO_PULLUP
ProjectManager.ToolChainLocation=
PA2.GPIO_Label=T_VCP_RX
SubGHz_Phy2.BSP.name=RF SW CTRL 2
NVIC.TimeBaseIP=TIM1
RCC.LSCOPinFreq_Value=32000
FREERTOS.FootprintOK=true
PCC.SUBGHZ.Modulation=FSK
PC6.GPIO_PuPd=GPIO_PULLUP
VP_TINY_LPM_VS_TINY_LPM.Mode=TINY_LPM_Enabled
RCC.PLLPoutputFreq_Value=16000000
NVIC.BusFault_IRQn=true\:0\:0\:false\:false\:true\:false\:false\:false
PC4.Locked=true
SubGHz_Phy0.BSP.instance=PC3
PC5.Signal=GPIO_Output
PB9.GPIO_FM9=__NULL
ProjectManager.CustomerFirmwarePackage=
PC4.GPIOParameters=GPIO_Label
PC14-OSC32_IN.Locked=true
PCC.SUBGHZ.PowerAmplifier=Low Power
PB15.Locked=true
PA3.Signal=USART2_RX
PA2.Locked=true
PC15-OSC32_OUT.Mode=LSE-External-Oscillator
SubGHz_Phy0.BSP.i2caddr=0
SubGHz_Phy2.BSP.i2caddr=0
RCC.PLLQoutputFreq_Value=16000000
ProjectManager.ProjectFileName=pwnRF_WL55.ioc
SubGHz_Phy1.BSP.i2caddr=0
FREERTOS.Tasks01=initThread,24,512,initTask,Default,NULL,Dynamic,NULL,NULL
SubGHz_Phy2.BSP.i2creg=
PB9.GPIO_Label=LED2
Mcu.PinsNb=25
ProjectManager.NoMain=false
NVIC.SavedSvcallIrqHandlerGenerated=true
PC4.Signal=GPIO_Output
PC6.Signal=GPIO_Input
PB11.GPIO_Label=LED3
ProjectManager.DefaultFWLocation=true
PCC.SUBGHZ.RxBoosted=false
VP_ADV_TRACE_VS_ADV_TRACE.Signal=ADV_TRACE_VS_ADV_TRACE
ProjectManager.DeletePrevious=true
SUBGHZ.BaudratePrescaler=SUBGHZSPI_BAUDRATEPRESCALER_4
RCC.HCLK2Freq_Value=4000000
PC14-OSC32_IN.Signal=RCC_OSC32_IN
boardIOC=true
PinOutPanel.CurrentBGAView=Top
RCC.FamilyName=M
SubGHz_Phy0.BSP.semaphore=
VP_MISC_VS_MISC.Signal=MISC_VS_MISC
PB9.GPIOParameters=GPIO_Label,GPIO_FM9
PC3.GPIOParameters=GPIO_Label
PA3.Mode=Asynchronous
PA13.Signal=DEBUG_JTMS-SWDIO
PCC.SUBGHZ.FrequencyBand=High
PC15-OSC32_OUT.Locked=true
ProjectManager.TargetToolchain=STM32CubeIDE
PC5.GPIOParameters=GPIO_Label
PC6.Locked=true
SubGHz_Phy0.BSP.mode=Output
PB9.Locked=true
PB11.GPIOParameters=GPIO_Label
ProjectManager.RegisterCallBack=
OSC_IN.Signal=RCC_OSC_IN
SubGHz_Phy2.BSP.api=Unknown
SubGHz_Phy1.BSP.instance=PC4
VP_TIMER_VS_TIMER.Signal=TIMER_VS_TIMER
RCC.LSE_VALUE=32768
PC15-OSC32_OUT.Signal=RCC_OSC32_OUT
PA1.Signal=GPIO_Input
VP_MISC_VS_MISC.Mode=MISC_Enabled
VP_SUBGHZ_PHY_VS_SubGhzPhy.Signal=SUBGHZ_PHY_VS_SubGhzPhy
SubGHz_Phy0.BSP.ip=GPIO
board=NUCLEO-WL55JC1
RCC.VCOOutputFreq_Value=32000000
ProjectManager.LastFirmware=true
NVIC.SavedSystickIrqHandlerGenerated=true
MxCube.Version=6.2.1
PB15.GPIO_Label=LED1
VP_SYS_VS_tim1.Signal=SYS_VS_tim1
RCC.RNGFreq_Value=32000
SubGHz_Phy0.BSP.name=RF SW CTRL 3
PA1.GPIO_Label=B2
NVIC.NonMaskableInt_IRQn=true\:0\:0\:false\:false\:true\:false\:false\:false
SubGHz_Phy1.BSP.name=RF SW CTRL 1
PB0-VDD_TCXO.Signal=VDDTCXO
PB15.GPIOParameters=GPIO_Label
PA13.Mode=Serial_Wire
ProjectManager.FreePins=false
RCC.IPParameters=FamilyName,HCLK2Freq_Value,HSE_VALUE,HSI_VALUE,I2S2Freq_Value,LSCOPinFreq_Value,LSE_VALUE,PLLPoutputFreq_Value,PLLQoutputFreq_Value,PLLRCLKFreq_Value,RNGFreq_Value,VCOInputFreq_Value,VCOOutputFreq_Value
ProjectManager.AskForMigrate=true
Mcu.Name=STM32WL55JCIx
NVIC.SavedPendsvIrqHandlerGenerated=true
PA2.Signal=USART2_TX
Mcu.Pin24=VP_TINY_LPM_VS_TINY_LPM
ProjectManager.UnderRoot=true
Mcu.IP8=SYS
VP_FREERTOS_VS_CMSIS_V2.Signal=FREERTOS_VS_CMSIS_V2
SubGHz_Phy2.BSP.mode=Output
Mcu.IP9=TIMER
Mcu.IP6=SUBGHZ
Mcu.IP7=SUBGHZ_PHY
ProjectManager.CoupleFile=true
Mcu.Pin22=VP_SYS_VS_tim1
SubGHz_Phy2.BSP.component=
SubGHz_Phy0.BSP.condition=SEM_RADIO_BOARD_INTERFACE_FOR_SUBGHZ_PHY
Mcu.Pin23=VP_TIMER_VS_TIMER
PA1.Locked=true
Mcu.Pin20=VP_SUBGHZ_VS_SUBGHZ
SubGHz_Phy1.BSP.i2creg=
Mcu.Pin21=VP_SUBGHZ_PHY_VS_SubGhzPhy
PA3.Locked=true
NVIC.ForceEnableDMAVector=true
KeepUserPlacement=false
PC5.GPIO_Label=FE_CTRL2
OSC_IN.Mode=HSE-TCXO
NVIC.MemoryManagement_IRQn=true\:0\:0\:false\:false\:true\:false\:false\:false
ProjectManager.CompilerOptimize=6
SubGHz_Phy.BSP.number=3
VP_TIMER_VS_TIMER.Mode=TIMER_Enabled
PA14.Signal=DEBUG_JTCK-SWCLK
ProjectManager.HeapSize=0x200
PA0.GPIOParameters=GPIO_PuPd,GPIO_Label
Mcu.Pin15=PA3
NVIC.HardFault_IRQn=true\:0\:0\:false\:false\:true\:false\:false\:false
Mcu.Pin16=PA2
Mcu.Pin13=PB11
PC6.GPIOParameters=GPIO_PuPd,GPIO_Label
Mcu.Pin14=OSC_IN
Mcu.Pin19=VP_MISC_VS_MISC
ProjectManager.ComputerToolchain=false
Mcu.Pin17=VP_ADV_TRACE_VS_ADV_TRACE
RCC.HSI_VALUE=16000000
Mcu.Pin18=VP_FREERTOS_VS_CMSIS_V2
NVIC.PriorityGroup=NVIC_PRIORITYGROUP_4
VP_ADV_TRACE_VS_ADV_TRACE.Mode=ADV_TRACE_Enabled
Mcu.Pin11=PC6
Mcu.Pin12=PA1
Mcu.Pin10=PB0-VDD_TCXO
PA2.Mode=Asynchronous
PC3.GPIO_Label=FE_CTRL3
SubGHz_Phy0.BSP.api=Unknown
VP_TINY_LPM_VS_TINY_LPM.Signal=TINY_LPM_VS_TINY_LPM
SubGHz_Phy2.BSP.instance=PC5
SubGHz_Phy2.BSP.condition=SEM_RADIO_BOARD_INTERFACE_FOR_SUBGHZ_PHY
PB11.Locked=true
ProjectManager.DeviceId=STM32WL55JCIx
ProjectManager.LibraryCopy=1
SubGHz_Phy2.BSP.ip=GPIO
PA3.GPIO_Label=T_VCP_RX
isbadioc=false
